
Microsoft Visual Studio Solution File, Format Version 12.00
# Visual Studio Version 17
VisualStudioVersion = 17.0.32112.339
MinimumVisualStudioVersion = 10.0.40219.1
Project("{9A19103F-16F7-4668-BE54-9A1E7A4F7556}") = "DuelSys", "DuelSys\DuelSys.csproj", "{DF82F1CF-6E42-4E71-90A5-69ACA75E667B}"
EndProject
Project("{9A19103F-16F7-4668-BE54-9A1E7A4F7556}") = "DuelSys-Web", "DuelSys-Web\DuelSys-Web.csproj", "{1313E806-9411-46C8-886F-71DC441CB5E0}"
EndProject
Project("{9A19103F-16F7-4668-BE54-9A1E7A4F7556}") = "LogicLayer", "LogicLayer\LogicLayer.csproj", "{18C58651-C154-40FB-936C-CF8BA949DF1E}"
EndProject
Project("{9A19103F-16F7-4668-BE54-9A1E7A4F7556}") = "DataLayer", "DataLayer\DataLayer.csproj", "{4341796D-CF45-4A2D-A52E-937D634B0860}"
EndProject
Project("{9A19103F-16F7-4668-BE54-9A1E7A4F7556}") = "UnitTests", "UnitTests\UnitTests.csproj", "{4CBF9A9E-7D0A-461D-8887-455F19A3C9FC}"
EndProject
Global
	GlobalSection(SolutionConfigurationPlatforms) = preSolution
		Debug|Any CPU = Debug|Any CPU
		Release|Any CPU = Release|Any CPU
	EndGlobalSection
	GlobalSection(ProjectConfigurationPlatforms) = postSolution
		{DF82F1CF-6E42-4E71-90A5-69ACA75E667B}.Debug|Any CPU.ActiveCfg = Debug|Any CPU
		{DF82F1CF-6E42-4E71-90A5-69ACA75E667B}.Debug|Any CPU.Build.0 = Debug|Any CPU
		{DF82F1CF-6E42-4E71-90A5-69ACA75E667B}.Release|Any CPU.ActiveCfg = Release|Any CPU
		{DF82F1CF-6E42-4E71-90A5-69ACA75E667B}.Release|Any CPU.Build.0 = Release|Any CPU
		{1313E806-9411-46C8-886F-71DC441CB5E0}.Debug|Any CPU.ActiveCfg = Debug|Any CPU
		{1313E806-9411-46C8-886F-71DC441CB5E0}.Debug|Any CPU.Build.0 = Debug|Any CPU
		{1313E806-9411-46C8-886F-71DC441CB5E0}.Release|Any CPU.ActiveCfg = Release|Any CPU
		{1313E806-9411-46C8-886F-71DC441CB5E0}.Release|Any CPU.Build.0 = Release|Any CPU
		{18C58651-C154-40FB-936C-CF8BA949DF1E}.Debug|Any CPU.ActiveCfg = Debug|Any CPU
		{18C58651-C154-40FB-936C-CF8BA949DF1E}.Debug|Any CPU.Build.0 = Debug|Any CPU
		{18C58651-C154-40FB-936C-CF8BA949DF1E}.Release|Any CPU.ActiveCfg = Release|Any CPU
		{18C58651-C154-40FB-936C-CF8BA949DF1E}.Release|Any CPU.Build.0 = Release|Any CPU
		{4341796D-CF45-4A2D-A52E-937D634B0860}.Debug|Any CPU.ActiveCfg = Debug|Any CPU
		{4341796D-CF45-4A2D-A52E-937D634B0860}.Debug|Any CPU.Build.0 = Debug|Any CPU
		{4341796D-CF45-4A2D-A52E-937D634B0860}.Release|Any CPU.ActiveCfg = Release|Any CPU
		{4341796D-CF45-4A2D-A52E-937D634B0860}.Release|Any CPU.Build.0 = Release|Any CPU
		{4CBF9A9E-7D0A-461D-8887-455F19A3C9FC}.Debug|Any CPU.ActiveCfg = Debug|Any CPU
		{4CBF9A9E-7D0A-461D-8887-455F19A3C9FC}.Debug|Any CPU.Build.0 = Debug|Any CPU
		{4CBF9A9E-7D0A-461D-8887-455F19A3C9FC}.Release|Any CPU.ActiveCfg = Release|Any CPU
		{4CBF9A9E-7D0A-461D-8887-455F19A3C9FC}.Release|Any CPU.Build.0 = Release|Any CPU
	EndGlobalSection
	GlobalSection(SolutionProperties) = preSolution
		HideSolutionNode = FALSE
	EndGlobalSection
	GlobalSection(ExtensibilityGlobals) = postSolution
		SolutionGuid = {B923295A-463C-41A6-8A65-AD871964B1E8}
	EndGlobalSection
EndGlobal
