
Microsoft Visual Studio Solution File, Format Version 12.00
# Visual Studio Version 17
VisualStudioVersion = 17.9.34723.18
MinimumVisualStudioVersion = 10.0.40219.1
Project("{9A19103F-16F7-4668-BE54-9A1E7A4F7556}") = "Gateway.API", "Gateway.API\Gateway.API.csproj", "{6622F5AC-2E99-4FF2-A8FF-00C5F296254B}"
EndProject
Project("{E53339B2-1760-4266-BCC7-CA923CBCF16C}") = "docker-compose", "docker-compose.dcproj", "{AA2DAD8E-E5C8-49A9-97A8-361519D2DD79}"
EndProject
Global
	GlobalSection(SolutionConfigurationPlatforms) = preSolution
		Debug|Any CPU = Debug|Any CPU
		Release|Any CPU = Release|Any CPU
	EndGlobalSection
	GlobalSection(ProjectConfigurationPlatforms) = postSolution
		{6622F5AC-2E99-4FF2-A8FF-00C5F296254B}.Debug|Any CPU.ActiveCfg = Debug|Any CPU
		{6622F5AC-2E99-4FF2-A8FF-00C5F296254B}.Debug|Any CPU.Build.0 = Debug|Any CPU
		{6622F5AC-2E99-4FF2-A8FF-00C5F296254B}.Release|Any CPU.ActiveCfg = Release|Any CPU
		{6622F5AC-2E99-4FF2-A8FF-00C5F296254B}.Release|Any CPU.Build.0 = Release|Any CPU
		{AA2DAD8E-E5C8-49A9-97A8-361519D2DD79}.Debug|Any CPU.ActiveCfg = Debug|Any CPU
		{AA2DAD8E-E5C8-49A9-97A8-361519D2DD79}.Debug|Any CPU.Build.0 = Debug|Any CPU
		{AA2DAD8E-E5C8-49A9-97A8-361519D2DD79}.Release|Any CPU.ActiveCfg = Release|Any CPU
		{AA2DAD8E-E5C8-49A9-97A8-361519D2DD79}.Release|Any CPU.Build.0 = Release|Any CPU
	EndGlobalSection
	GlobalSection(SolutionProperties) = preSolution
		HideSolutionNode = FALSE
	EndGlobalSection
	GlobalSection(ExtensibilityGlobals) = postSolution
		SolutionGuid = {2592B736-EB9B-432F-934C-64BCFCFF157D}
	EndGlobalSection
EndGlobal
